
Microsoft Visual Studio Solution File, Format Version 12.00
# Visual Studio 2012
Project("{FAE04EC0-301F-11D3-BF4B-00C04F79EFBC}") = "eXam", "eXam\eXam.csproj", "{828C17FE-51BD-4E86-9E58-F39B0C30FE16}"
EndProject
Project("{FAE04EC0-301F-11D3-BF4B-00C04F79EFBC}") = "eXam.iOS", "iOS\eXam.iOS.csproj", "{65399D51-2290-48FA-99E6-313D5F430E98}"
EndProject
Project("{FAE04EC0-301F-11D3-BF4B-00C04F79EFBC}") = "eXam.Droid", "Droid\eXam.Droid.csproj", "{CEC1E7E4-C63D-4727-B898-8465B4AFE27A}"
EndProject
Global
	GlobalSection(SolutionConfigurationPlatforms) = preSolution
		Debug|Any CPU = Debug|Any CPU
		Release|Any CPU = Release|Any CPU
		Debug|iPhoneSimulator = Debug|iPhoneSimulator
		Release|iPhone = Release|iPhone
		Release|iPhoneSimulator = Release|iPhoneSimulator
		Debug|iPhone = Debug|iPhone
	EndGlobalSection
	GlobalSection(ProjectConfigurationPlatforms) = postSolution
		{65399D51-2290-48FA-99E6-313D5F430E98}.Debug|Any CPU.ActiveCfg = Debug|iPhoneSimulator
		{65399D51-2290-48FA-99E6-313D5F430E98}.Debug|Any CPU.Build.0 = Debug|iPhoneSimulator
		{65399D51-2290-48FA-99E6-313D5F430E98}.Debug|iPhone.ActiveCfg = Debug|iPhone
		{65399D51-2290-48FA-99E6-313D5F430E98}.Debug|iPhone.Build.0 = Debug|iPhone
		{65399D51-2290-48FA-99E6-313D5F430E98}.Debug|iPhoneSimulator.ActiveCfg = Debug|iPhoneSimulator
		{65399D51-2290-48FA-99E6-313D5F430E98}.Debug|iPhoneSimulator.Build.0 = Debug|iPhoneSimulator
		{65399D51-2290-48FA-99E6-313D5F430E98}.Release|Any CPU.ActiveCfg = Release|iPhone
		{65399D51-2290-48FA-99E6-313D5F430E98}.Release|Any CPU.Build.0 = Release|iPhone
		{65399D51-2290-48FA-99E6-313D5F430E98}.Release|iPhone.ActiveCfg = Release|iPhone
		{65399D51-2290-48FA-99E6-313D5F430E98}.Release|iPhone.Build.0 = Release|iPhone
		{65399D51-2290-48FA-99E6-313D5F430E98}.Release|iPhoneSimulator.ActiveCfg = Release|iPhoneSimulator
		{65399D51-2290-48FA-99E6-313D5F430E98}.Release|iPhoneSimulator.Build.0 = Release|iPhoneSimulator
		{828C17FE-51BD-4E86-9E58-F39B0C30FE16}.Debug|Any CPU.ActiveCfg = Debug|Any CPU
		{828C17FE-51BD-4E86-9E58-F39B0C30FE16}.Debug|Any CPU.Build.0 = Debug|Any CPU
		{828C17FE-51BD-4E86-9E58-F39B0C30FE16}.Debug|iPhone.ActiveCfg = Debug|Any CPU
		{828C17FE-51BD-4E86-9E58-F39B0C30FE16}.Debug|iPhone.Build.0 = Debug|Any CPU
		{828C17FE-51BD-4E86-9E58-F39B0C30FE16}.Debug|iPhoneSimulator.ActiveCfg = Debug|Any CPU
		{828C17FE-51BD-4E86-9E58-F39B0C30FE16}.Debug|iPhoneSimulator.Build.0 = Debug|Any CPU
		{828C17FE-51BD-4E86-9E58-F39B0C30FE16}.Release|Any CPU.ActiveCfg = Release|Any CPU
		{828C17FE-51BD-4E86-9E58-F39B0C30FE16}.Release|Any CPU.Build.0 = Release|Any CPU
		{828C17FE-51BD-4E86-9E58-F39B0C30FE16}.Release|iPhone.ActiveCfg = Release|Any CPU
		{828C17FE-51BD-4E86-9E58-F39B0C30FE16}.Release|iPhone.Build.0 = Release|Any CPU
		{828C17FE-51BD-4E86-9E58-F39B0C30FE16}.Release|iPhoneSimulator.ActiveCfg = Release|Any CPU
		{828C17FE-51BD-4E86-9E58-F39B0C30FE16}.Release|iPhoneSimulator.Build.0 = Release|Any CPU
		{CEC1E7E4-C63D-4727-B898-8465B4AFE27A}.Debug|Any CPU.ActiveCfg = Debug|Any CPU
		{CEC1E7E4-C63D-4727-B898-8465B4AFE27A}.Debug|Any CPU.Build.0 = Debug|Any CPU
		{CEC1E7E4-C63D-4727-B898-8465B4AFE27A}.Debug|iPhone.ActiveCfg = Debug|Any CPU
		{CEC1E7E4-C63D-4727-B898-8465B4AFE27A}.Debug|iPhone.Build.0 = Debug|Any CPU
		{CEC1E7E4-C63D-4727-B898-8465B4AFE27A}.Debug|iPhoneSimulator.ActiveCfg = Debug|Any CPU
		{CEC1E7E4-C63D-4727-B898-8465B4AFE27A}.Debug|iPhoneSimulator.Build.0 = Debug|Any CPU
		{CEC1E7E4-C63D-4727-B898-8465B4AFE27A}.Release|Any CPU.ActiveCfg = Release|Any CPU
		{CEC1E7E4-C63D-4727-B898-8465B4AFE27A}.Release|Any CPU.Build.0 = Release|Any CPU
		{CEC1E7E4-C63D-4727-B898-8465B4AFE27A}.Release|iPhone.ActiveCfg = Release|Any CPU
		{CEC1E7E4-C63D-4727-B898-8465B4AFE27A}.Release|iPhone.Build.0 = Release|Any CPU
		{CEC1E7E4-C63D-4727-B898-8465B4AFE27A}.Release|iPhoneSimulator.ActiveCfg = Release|Any CPU
		{CEC1E7E4-C63D-4727-B898-8465B4AFE27A}.Release|iPhoneSimulator.Build.0 = Release|Any CPU
	EndGlobalSection
EndGlobal
